
Microsoft Visual Studio Solution File, Format Version 12.00
# Visual Studio Version 17
VisualStudioVersion = 17.8.34316.72
MinimumVisualStudioVersion = 10.0.40219.1
Project("{FAE04EC0-301F-11D3-BF4B-00C04F79EFBC}") = "TesteClientBeta", "TesteClientBeta\TesteClientBeta.csproj", "{B2D906F6-4D6F-4642-874A-6532E7577980}"
EndProject
Global
	GlobalSection(SolutionConfigurationPlatforms) = preSolution
		Debug|Any CPU = Debug|Any CPU
		Release|Any CPU = Release|Any CPU
	EndGlobalSection
	GlobalSection(ProjectConfigurationPlatforms) = postSolution
		{B2D906F6-4D6F-4642-874A-6532E7577980}.Debug|Any CPU.ActiveCfg = Debug|Any CPU
		{B2D906F6-4D6F-4642-874A-6532E7577980}.Debug|Any CPU.Build.0 = Debug|Any CPU
		{B2D906F6-4D6F-4642-874A-6532E7577980}.Release|Any CPU.ActiveCfg = Release|Any CPU
		{B2D906F6-4D6F-4642-874A-6532E7577980}.Release|Any CPU.Build.0 = Release|Any CPU
	EndGlobalSection
	GlobalSection(SolutionProperties) = preSolution
		HideSolutionNode = FALSE
	EndGlobalSection
	GlobalSection(ExtensibilityGlobals) = postSolution
		SolutionGuid = {F0FC36C6-A385-41D7-A07C-63BF8B9DAA0D}
	EndGlobalSection
EndGlobal
